Microsoft Visual Studio Solution File, Format Version 12.00
# Visual Studio 15
VisualStudioVersion = 15.0.26124.0
MinimumVisualStudioVersion = 15.0.26124.0
Project("{FAE04EC0-301F-11D3-BF4B-00C04F79EFBC}") = "Domain", "Domain\Domain.csproj", "{5D22FDDB-0621-4E0E-948F-F2D818A4AB9A}"
EndProject
Project("{FAE04EC0-301F-11D3-BF4B-00C04F79EFBC}") = "Application", "Application\Application.csproj", "{5896BF74-F16C-4D52-BD03-925FE8BB2AC8}"
EndProject
Project("{FAE04EC0-301F-11D3-BF4B-00C04F79EFBC}") = "Persistence", "Persistence\Persistence.csproj", "{026FBBCA-4279-4392-B3C9-A0C65CAB9E94}"
EndProject
Project("{FAE04EC0-301F-11D3-BF4B-00C04F79EFBC}") = "API", "API\API.csproj", "{AC2522D7-F8E6-45A1-9F36-3AAD5E04082E}"
EndProject
Global
	GlobalSection(SolutionConfigurationPlatforms) = preSolution
		Debug|Any CPU = Debug|Any CPU
		Debug|x64 = Debug|x64
		Debug|x86 = Debug|x86
		Release|Any CPU = Release|Any CPU
		Release|x64 = Release|x64
		Release|x86 = Release|x86
	EndGlobalSection
	GlobalSection(SolutionProperties) = preSolution
		HideSolutionNode = FALSE
	EndGlobalSection
	GlobalSection(ProjectConfigurationPlatforms) = postSolution
		{5D22FDDB-0621-4E0E-948F-F2D818A4AB9A}.Debug|Any CPU.ActiveCfg = Debug|Any CPU
		{5D22FDDB-0621-4E0E-948F-F2D818A4AB9A}.Debug|Any CPU.Build.0 = Debug|Any CPU
		{5D22FDDB-0621-4E0E-948F-F2D818A4AB9A}.Debug|x64.ActiveCfg = Debug|Any CPU
		{5D22FDDB-0621-4E0E-948F-F2D818A4AB9A}.Debug|x64.Build.0 = Debug|Any CPU
		{5D22FDDB-0621-4E0E-948F-F2D818A4AB9A}.Debug|x86.ActiveCfg = Debug|Any CPU
		{5D22FDDB-0621-4E0E-948F-F2D818A4AB9A}.Debug|x86.Build.0 = Debug|Any CPU
		{5D22FDDB-0621-4E0E-948F-F2D818A4AB9A}.Release|Any CPU.ActiveCfg = Release|Any CPU
		{5D22FDDB-0621-4E0E-948F-F2D818A4AB9A}.Release|Any CPU.Build.0 = Release|Any CPU
		{5D22FDDB-0621-4E0E-948F-F2D818A4AB9A}.Release|x64.ActiveCfg = Release|Any CPU
		{5D22FDDB-0621-4E0E-948F-F2D818A4AB9A}.Release|x64.Build.0 = Release|Any CPU
		{5D22FDDB-0621-4E0E-948F-F2D818A4AB9A}.Release|x86.ActiveCfg = Release|Any CPU
		{5D22FDDB-0621-4E0E-948F-F2D818A4AB9A}.Release|x86.Build.0 = Release|Any CPU
		{5896BF74-F16C-4D52-BD03-925FE8BB2AC8}.Debug|Any CPU.ActiveCfg = Debug|Any CPU
		{5896BF74-F16C-4D52-BD03-925FE8BB2AC8}.Debug|Any CPU.Build.0 = Debug|Any CPU
		{5896BF74-F16C-4D52-BD03-925FE8BB2AC8}.Debug|x64.ActiveCfg = Debug|Any CPU
		{5896BF74-F16C-4D52-BD03-925FE8BB2AC8}.Debug|x64.Build.0 = Debug|Any CPU
		{5896BF74-F16C-4D52-BD03-925FE8BB2AC8}.Debug|x86.ActiveCfg = Debug|Any CPU
		{5896BF74-F16C-4D52-BD03-925FE8BB2AC8}.Debug|x86.Build.0 = Debug|Any CPU
		{5896BF74-F16C-4D52-BD03-925FE8BB2AC8}.Release|Any CPU.ActiveCfg = Release|Any CPU
		{5896BF74-F16C-4D52-BD03-925FE8BB2AC8}.Release|Any CPU.Build.0 = Release|Any CPU
		{5896BF74-F16C-4D52-BD03-925FE8BB2AC8}.Release|x64.ActiveCfg = Release|Any CPU
		{5896BF74-F16C-4D52-BD03-925FE8BB2AC8}.Release|x64.Build.0 = Release|Any CPU
		{5896BF74-F16C-4D52-BD03-925FE8BB2AC8}.Release|x86.ActiveCfg = Release|Any CPU
		{5896BF74-F16C-4D52-BD03-925FE8BB2AC8}.Release|x86.Build.0 = Release|Any CPU
		{026FBBCA-4279-4392-B3C9-A0C65CAB9E94}.Debug|Any CPU.ActiveCfg = Debug|Any CPU
		{026FBBCA-4279-4392-B3C9-A0C65CAB9E94}.Debug|Any CPU.Build.0 = Debug|Any CPU
		{026FBBCA-4279-4392-B3C9-A0C65CAB9E94}.Debug|x64.ActiveCfg = Debug|Any CPU
		{026FBBCA-4279-4392-B3C9-A0C65CAB9E94}.Debug|x64.Build.0 = Debug|Any CPU
		{026FBBCA-4279-4392-B3C9-A0C65CAB9E94}.Debug|x86.ActiveCfg = Debug|Any CPU
		{026FBBCA-4279-4392-B3C9-A0C65CAB9E94}.Debug|x86.Build.0 = Debug|Any CPU
		{026FBBCA-4279-4392-B3C9-A0C65CAB9E94}.Release|Any CPU.ActiveCfg = Release|Any CPU
		{026FBBCA-4279-4392-B3C9-A0C65CAB9E94}.Release|Any CPU.Build.0 = Release|Any CPU
		{026FBBCA-4279-4392-B3C9-A0C65CAB9E94}.Release|x64.ActiveCfg = Release|Any CPU
		{026FBBCA-4279-4392-B3C9-A0C65CAB9E94}.Release|x64.Build.0 = Release|Any CPU
		{026FBBCA-4279-4392-B3C9-A0C65CAB9E94}.Release|x86.ActiveCfg = Release|Any CPU
		{026FBBCA-4279-4392-B3C9-A0C65CAB9E94}.Release|x86.Build.0 = Release|Any CPU
		{AC2522D7-F8E6-45A1-9F36-3AAD5E04082E}.Debug|Any CPU.ActiveCfg = Debug|Any CPU
		{AC2522D7-F8E6-45A1-9F36-3AAD5E04082E}.Debug|Any CPU.Build.0 = Debug|Any CPU
		{AC2522D7-F8E6-45A1-9F36-3AAD5E04082E}.Debug|x64.ActiveCfg = Debug|Any CPU
		{AC2522D7-F8E6-45A1-9F36-3AAD5E04082E}.Debug|x64.Build.0 = Debug|Any CPU
		{AC2522D7-F8E6-45A1-9F36-3AAD5E04082E}.Debug|x86.ActiveCfg = Debug|Any CPU
		{AC2522D7-F8E6-45A1-9F36-3AAD5E04082E}.Debug|x86.Build.0 = Debug|Any CPU
		{AC2522D7-F8E6-45A1-9F36-3AAD5E04082E}.Release|Any CPU.ActiveCfg = Release|Any CPU
		{AC2522D7-F8E6-45A1-9F36-3AAD5E04082E}.Release|Any CPU.Build.0 = Release|Any CPU
		{AC2522D7-F8E6-45A1-9F36-3AAD5E04082E}.Release|x64.ActiveCfg = Release|Any CPU
		{AC2522D7-F8E6-45A1-9F36-3AAD5E04082E}.Release|x64.Build.0 = Release|Any CPU
		{AC2522D7-F8E6-45A1-9F36-3AAD5E04082E}.Release|x86.ActiveCfg = Release|Any CPU
		{AC2522D7-F8E6-45A1-9F36-3AAD5E04082E}.Release|x86.Build.0 = Release|Any CPU
	EndGlobalSection
EndGlobal
